
Microsoft Visual Studio Solution File, Format Version 12.00
# Visual Studio Version 17
VisualStudioVersion = 17.3.32811.315
MinimumVisualStudioVersion = 10.0.40219.1
Project("{8BC9CEB8-8B4A-11D0-8D11-00A0C91BC942}") = "Hazel", "Hazel.vcxproj", "{1549B6DA-0DE7-4871-A7CC-EC8848AEDD07}"
EndProject
Project("{8BC9CEB8-8B4A-11D0-8D11-00A0C91BC942}") = "SandBox", "SandBox\SandBox.vcxproj", "{EE46AD9C-85AA-4AC8-8A90-A1D9DCC1813D}"
EndProject
Global
	GlobalSection(SolutionConfigurationPlatforms) = preSolution
		Debug|x64 = Debug|x64
		Debug|x86 = Debug|x86
		Release|x64 = Release|x64
		Release|x86 = Release|x86
	EndGlobalSection
	GlobalSection(ProjectConfigurationPlatforms) = postSolution
		{1549B6DA-0DE7-4871-A7CC-EC8848AEDD07}.Debug|x64.ActiveCfg = Debug|x64
		{1549B6DA-0DE7-4871-A7CC-EC8848AEDD07}.Debug|x64.Build.0 = Debug|x64
		{1549B6DA-0DE7-4871-A7CC-EC8848AEDD07}.Debug|x86.ActiveCfg = Debug|x64
		{1549B6DA-0DE7-4871-A7CC-EC8848AEDD07}.Release|x64.ActiveCfg = Release|x64
		{1549B6DA-0DE7-4871-A7CC-EC8848AEDD07}.Release|x64.Build.0 = Release|x64
		{1549B6DA-0DE7-4871-A7CC-EC8848AEDD07}.Release|x86.ActiveCfg = Release|x64
		{EE46AD9C-85AA-4AC8-8A90-A1D9DCC1813D}.Debug|x64.ActiveCfg = Debug|x64
		{EE46AD9C-85AA-4AC8-8A90-A1D9DCC1813D}.Debug|x64.Build.0 = Debug|x64
		{EE46AD9C-85AA-4AC8-8A90-A1D9DCC1813D}.Debug|x86.ActiveCfg = Debug|x64
		{EE46AD9C-85AA-4AC8-8A90-A1D9DCC1813D}.Release|x64.ActiveCfg = Release|x64
		{EE46AD9C-85AA-4AC8-8A90-A1D9DCC1813D}.Release|x64.Build.0 = Release|x64
		{EE46AD9C-85AA-4AC8-8A90-A1D9DCC1813D}.Release|x86.ActiveCfg = Release|x64
	EndGlobalSection
	GlobalSection(SolutionProperties) = preSolution
		HideSolutionNode = FALSE
	EndGlobalSection
	GlobalSection(ExtensibilityGlobals) = postSolution
		SolutionGuid = {0277DE21-908F-499F-AED1-FB9459FCFE7D}
	EndGlobalSection
EndGlobal
